
Microsoft Visual Studio Solution File, Format Version 12.00
# Visual Studio Version 16
VisualStudioVersion = 16.0.30309.148
MinimumVisualStudioVersion = 10.0.40219.1
Project("{FAE04EC0-301F-11D3-BF4B-00C04F79EFBC}") = "GradeBook", "GradeBook\GradeBook.csproj", "{C1B1F933-3132-4F10-939E-312B75D42187}"
EndProject
Global
	GlobalSection(SolutionConfigurationPlatforms) = preSolution
		Debug|Any CPU = Debug|Any CPU
		Release|Any CPU = Release|Any CPU
	EndGlobalSection
	GlobalSection(ProjectConfigurationPlatforms) = postSolution
		{C1B1F933-3132-4F10-939E-312B75D42187}.Debug|Any CPU.ActiveCfg = Debug|Any CPU
		{C1B1F933-3132-4F10-939E-312B75D42187}.Debug|Any CPU.Build.0 = Debug|Any CPU
		{C1B1F933-3132-4F10-939E-312B75D42187}.Release|Any CPU.ActiveCfg = Release|Any CPU
		{C1B1F933-3132-4F10-939E-312B75D42187}.Release|Any CPU.Build.0 = Release|Any CPU
	EndGlobalSection
	GlobalSection(SolutionProperties) = preSolution
		HideSolutionNode = FALSE
	EndGlobalSection
	GlobalSection(ExtensibilityGlobals) = postSolution
		SolutionGuid = {D54DD702-D3AD-4E57-8999-13CCF5FE6C9D}
	EndGlobalSection
EndGlobal
